
Microsoft Visual Studio Solution File, Format Version 12.00
# Visual Studio 15
Project("{FAE04EC0-301F-11D3-BF4B-00C04F79EFBC}") = "AMapNaviKitBinding", "AMapNaviKitBinding\AMapNaviKitBinding.csproj", "{519E6DE4-D81E-4E8D-9D80-32989CCBC762}"
EndProject
Global
	GlobalSection(SolutionConfigurationPlatforms) = preSolution
		Debug|Any CPU = Debug|Any CPU
		Release|Any CPU = Release|Any CPU
	EndGlobalSection
	GlobalSection(ProjectConfigurationPlatforms) = postSolution
		{519E6DE4-D81E-4E8D-9D80-32989CCBC762}.Debug|Any CPU.ActiveCfg = Debug|Any CPU
		{519E6DE4-D81E-4E8D-9D80-32989CCBC762}.Debug|Any CPU.Build.0 = Debug|Any CPU
		{519E6DE4-D81E-4E8D-9D80-32989CCBC762}.Release|Any CPU.ActiveCfg = Release|Any CPU
		{519E6DE4-D81E-4E8D-9D80-32989CCBC762}.Release|Any CPU.Build.0 = Release|Any CPU
	EndGlobalSection
EndGlobal
